
Microsoft Visual Studio Solution File, Format Version 12.00
# Visual Studio Version 16
VisualStudioVersion = 16.0.31205.134
MinimumVisualStudioVersion = 10.0.40219.1
Project("{9A19103F-16F7-4668-BE54-9A1E7A4F7556}") = "ESF", "src\ESF.csproj", "{19C8C06B-241A-4620-94D1-D99D33567ACE}"
EndProject
Project("{9A19103F-16F7-4668-BE54-9A1E7A4F7556}") = "ESF.Sample.Bootstrap", "sample\ESF.Sample.Bootstrap\ESF.Sample.Bootstrap.csproj", "{7FCF169A-7A88-4530-AA59-ABC1F981D8D3}"
EndProject
Project("{9A19103F-16F7-4668-BE54-9A1E7A4F7556}") = "ESF.Sample.Console", "sample\ESF.Sample.Console\ESF.Sample.Console.csproj", "{C54108E8-25A4-4882-9655-13AB31B87F24}"
EndProject
Project("{9A19103F-16F7-4668-BE54-9A1E7A4F7556}") = "ESF.Sample.Domain", "sample\ESF.Sample.Domain\ESF.Sample.Domain.csproj", "{71123BAD-85F6-4C03-B47B-61B353173F69}"
EndProject
Project("{9A19103F-16F7-4668-BE54-9A1E7A4F7556}") = "ESF.Sample.Messages", "sample\ESF.Sample.Messages\ESF.Sample.Messages.csproj", "{AB9F72A2-EA81-462F-A05C-7ED3F85188FF}"
EndProject
Global
	GlobalSection(SolutionConfigurationPlatforms) = preSolution
		Debug|Any CPU = Debug|Any CPU
		Release|Any CPU = Release|Any CPU
	EndGlobalSection
	GlobalSection(ProjectConfigurationPlatforms) = postSolution
		{19C8C06B-241A-4620-94D1-D99D33567ACE}.Debug|Any CPU.ActiveCfg = Debug|Any CPU
		{19C8C06B-241A-4620-94D1-D99D33567ACE}.Debug|Any CPU.Build.0 = Debug|Any CPU
		{19C8C06B-241A-4620-94D1-D99D33567ACE}.Release|Any CPU.ActiveCfg = Release|Any CPU
		{19C8C06B-241A-4620-94D1-D99D33567ACE}.Release|Any CPU.Build.0 = Release|Any CPU
		{7FCF169A-7A88-4530-AA59-ABC1F981D8D3}.Debug|Any CPU.ActiveCfg = Debug|Any CPU
		{7FCF169A-7A88-4530-AA59-ABC1F981D8D3}.Debug|Any CPU.Build.0 = Debug|Any CPU
		{7FCF169A-7A88-4530-AA59-ABC1F981D8D3}.Release|Any CPU.ActiveCfg = Release|Any CPU
		{7FCF169A-7A88-4530-AA59-ABC1F981D8D3}.Release|Any CPU.Build.0 = Release|Any CPU
		{C54108E8-25A4-4882-9655-13AB31B87F24}.Debug|Any CPU.ActiveCfg = Debug|Any CPU
		{C54108E8-25A4-4882-9655-13AB31B87F24}.Debug|Any CPU.Build.0 = Debug|Any CPU
		{C54108E8-25A4-4882-9655-13AB31B87F24}.Release|Any CPU.ActiveCfg = Release|Any CPU
		{C54108E8-25A4-4882-9655-13AB31B87F24}.Release|Any CPU.Build.0 = Release|Any CPU
		{71123BAD-85F6-4C03-B47B-61B353173F69}.Debug|Any CPU.ActiveCfg = Debug|Any CPU
		{71123BAD-85F6-4C03-B47B-61B353173F69}.Debug|Any CPU.Build.0 = Debug|Any CPU
		{71123BAD-85F6-4C03-B47B-61B353173F69}.Release|Any CPU.ActiveCfg = Release|Any CPU
		{71123BAD-85F6-4C03-B47B-61B353173F69}.Release|Any CPU.Build.0 = Release|Any CPU
		{AB9F72A2-EA81-462F-A05C-7ED3F85188FF}.Debug|Any CPU.ActiveCfg = Debug|Any CPU
		{AB9F72A2-EA81-462F-A05C-7ED3F85188FF}.Debug|Any CPU.Build.0 = Debug|Any CPU
		{AB9F72A2-EA81-462F-A05C-7ED3F85188FF}.Release|Any CPU.ActiveCfg = Release|Any CPU
		{AB9F72A2-EA81-462F-A05C-7ED3F85188FF}.Release|Any CPU.Build.0 = Release|Any CPU
	EndGlobalSection
	GlobalSection(SolutionProperties) = preSolution
		HideSolutionNode = FALSE
	EndGlobalSection
	GlobalSection(ExtensibilityGlobals) = postSolution
		SolutionGuid = {D2DDCEB6-FEAB-40D5-828B-7FEB9D65E1CA}
	EndGlobalSection
EndGlobal
